
Microsoft Visual Studio Solution File, Format Version 12.00
# Visual Studio 15
VisualStudioVersion = 15.0.28307.902
MinimumVisualStudioVersion = 10.0.40219.1
Project("{FAE04EC0-301F-11D3-BF4B-00C04F79EFBC}") = "Xamarin.Forms.Composite.Android", "Xamarin.Forms.Composite\Xamarin.Forms.Composite.Android\Xamarin.Forms.Composite.Android.csproj", "{9B1CD804-D346-42E6-BED4-8306FA976DE7}"
EndProject
Project("{FAE04EC0-301F-11D3-BF4B-00C04F79EFBC}") = "Xamarin.Forms.Composite.iOS", "Xamarin.Forms.Composite\Xamarin.Forms.Composite.iOS\Xamarin.Forms.Composite.iOS.csproj", "{46108ACD-8547-4E4B-9D03-76986847BFA7}"
EndProject
Project("{FAE04EC0-301F-11D3-BF4B-00C04F79EFBC}") = "Xamarin.Forms.Composite.UWP", "Xamarin.Forms.Composite\Xamarin.Forms.Composite.UWP\Xamarin.Forms.Composite.UWP.csproj", "{8C47F18A-3FF7-410B-98EE-39787D863865}"
EndProject
Project("{FAE04EC0-301F-11D3-BF4B-00C04F79EFBC}") = "Xamarin.Forms.Composite", "Xamarin.Forms.Composite\Xamarin.Forms.Composite\Xamarin.Forms.Composite.csproj", "{9A3296BF-13F1-41F9-A784-AF4CBBCD33E9}"
EndProject
Global
	GlobalSection(SolutionConfigurationPlatforms) = preSolution
		Ad-Hoc|Any CPU = Ad-Hoc|Any CPU
		Ad-Hoc|ARM = Ad-Hoc|ARM
		Ad-Hoc|iPhone = Ad-Hoc|iPhone
		Ad-Hoc|iPhoneSimulator = Ad-Hoc|iPhoneSimulator
		Ad-Hoc|x64 = Ad-Hoc|x64
		Ad-Hoc|x86 = Ad-Hoc|x86
		AppStore|Any CPU = AppStore|Any CPU
		AppStore|ARM = AppStore|ARM
		AppStore|iPhone = AppStore|iPhone
		AppStore|iPhoneSimulator = AppStore|iPhoneSimulator
		AppStore|x64 = AppStore|x64
		AppStore|x86 = AppStore|x86
		Debug|Any CPU = Debug|Any CPU
		Debug|ARM = Debug|ARM
		Debug|iPhone = Debug|iPhone
		Debug|iPhoneSimulator = Debug|iPhoneSimulator
		Debug|x64 = Debug|x64
		Debug|x86 = Debug|x86
		Release|Any CPU = Release|Any CPU
		Release|ARM = Release|ARM
		Release|iPhone = Release|iPhone
		Release|iPhoneSimulator = Release|iPhoneSimulator
		Release|x64 = Release|x64
		Release|x86 = Release|x86
	EndGlobalSection
	GlobalSection(ProjectConfigurationPlatforms) = postSolution
		{9B1CD804-D346-42E6-BED4-8306FA976DE7}.Ad-Hoc|Any CPU.ActiveCfg = Release|Any CPU
		{9B1CD804-D346-42E6-BED4-8306FA976DE7}.Ad-Hoc|Any CPU.Build.0 = Release|Any CPU
		{9B1CD804-D346-42E6-BED4-8306FA976DE7}.Ad-Hoc|Any CPU.Deploy.0 = Release|Any CPU
		{9B1CD804-D346-42E6-BED4-8306FA976DE7}.Ad-Hoc|ARM.ActiveCfg = Release|Any CPU
		{9B1CD804-D346-42E6-BED4-8306FA976DE7}.Ad-Hoc|ARM.Build.0 = Release|Any CPU
		{9B1CD804-D346-42E6-BED4-8306FA976DE7}.Ad-Hoc|ARM.Deploy.0 = Release|Any CPU
		{9B1CD804-D346-42E6-BED4-8306FA976DE7}.Ad-Hoc|iPhone.ActiveCfg = Release|Any CPU
		{9B1CD804-D346-42E6-BED4-8306FA976DE7}.Ad-Hoc|iPhone.Build.0 = Release|Any CPU
		{9B1CD804-D346-42E6-BED4-8306FA976DE7}.Ad-Hoc|iPhone.Deploy.0 = Release|Any CPU
		{9B1CD804-D346-42E6-BED4-8306FA976DE7}.Ad-Hoc|iPhoneSimulator.ActiveCfg = Release|Any CPU
		{9B1CD804-D346-42E6-BED4-8306FA976DE7}.Ad-Hoc|iPhoneSimulator.Build.0 = Release|Any CPU
		{9B1CD804-D346-42E6-BED4-8306FA976DE7}.Ad-Hoc|iPhoneSimulator.Deploy.0 = Release|Any CPU
		{9B1CD804-D346-42E6-BED4-8306FA976DE7}.Ad-Hoc|x64.ActiveCfg = Release|Any CPU
		{9B1CD804-D346-42E6-BED4-8306FA976DE7}.Ad-Hoc|x64.Build.0 = Release|Any CPU
		{9B1CD804-D346-42E6-BED4-8306FA976DE7}.Ad-Hoc|x64.Deploy.0 = Release|Any CPU
		{9B1CD804-D346-42E6-BED4-8306FA976DE7}.Ad-Hoc|x86.ActiveCfg = Release|Any CPU
		{9B1CD804-D346-42E6-BED4-8306FA976DE7}.Ad-Hoc|x86.Build.0 = Release|Any CPU
		{9B1CD804-D346-42E6-BED4-8306FA976DE7}.Ad-Hoc|x86.Deploy.0 = Release|Any CPU
		{9B1CD804-D346-42E6-BED4-8306FA976DE7}.AppStore|Any CPU.ActiveCfg = Release|Any CPU
		{9B1CD804-D346-42E6-BED4-8306FA976DE7}.AppStore|Any CPU.Build.0 = Release|Any CPU
		{9B1CD804-D346-42E6-BED4-8306FA976DE7}.AppStore|Any CPU.Deploy.0 = Release|Any CPU
		{9B1CD804-D346-42E6-BED4-8306FA976DE7}.AppStore|ARM.ActiveCfg = Release|Any CPU
		{9B1CD804-D346-42E6-BED4-8306FA976DE7}.AppStore|ARM.Build.0 = Release|Any CPU
		{9B1CD804-D346-42E6-BED4-8306FA976DE7}.AppStore|ARM.Deploy.0 = Release|Any CPU
		{9B1CD804-D346-42E6-BED4-8306FA976DE7}.AppStore|iPhone.ActiveCfg = Release|Any CPU
		{9B1CD804-D346-42E6-BED4-8306FA976DE7}.AppStore|iPhone.Build.0 = Release|Any CPU
		{9B1CD804-D346-42E6-BED4-8306FA976DE7}.AppStore|iPhone.Deploy.0 = Release|Any CPU
		{9B1CD804-D346-42E6-BED4-8306FA976DE7}.AppStore|iPhoneSimulator.ActiveCfg = Release|Any CPU
		{9B1CD804-D346-42E6-BED4-8306FA976DE7}.AppStore|iPhoneSimulator.Build.0 = Release|Any CPU
		{9B1CD804-D346-42E6-BED4-8306FA976DE7}.AppStore|iPhoneSimulator.Deploy.0 = Release|Any CPU
		{9B1CD804-D346-42E6-BED4-8306FA976DE7}.AppStore|x64.ActiveCfg = Release|Any CPU
		{9B1CD804-D346-42E6-BED4-8306FA976DE7}.AppStore|x64.Build.0 = Release|Any CPU
		{9B1CD804-D346-42E6-BED4-8306FA976DE7}.AppStore|x64.Deploy.0 = Release|Any CPU
		{9B1CD804-D346-42E6-BED4-8306FA976DE7}.AppStore|x86.ActiveCfg = Release|Any CPU
		{9B1CD804-D346-42E6-BED4-8306FA976DE7}.AppStore|x86.Build.0 = Release|Any CPU
		{9B1CD804-D346-42E6-BED4-8306FA976DE7}.AppStore|x86.Deploy.0 = Release|Any CPU
		{9B1CD804-D346-42E6-BED4-8306FA976DE7}.Debug|Any CPU.ActiveCfg = Debug|Any CPU
		{9B1CD804-D346-42E6-BED4-8306FA976DE7}.Debug|Any CPU.Build.0 = Debug|Any CPU
		{9B1CD804-D346-42E6-BED4-8306FA976DE7}.Debug|Any CPU.Deploy.0 = Debug|Any CPU
		{9B1CD804-D346-42E6-BED4-8306FA976DE7}.Debug|ARM.ActiveCfg = Debug|Any CPU
		{9B1CD804-D346-42E6-BED4-8306FA976DE7}.Debug|ARM.Build.0 = Debug|Any CPU
		{9B1CD804-D346-42E6-BED4-8306FA976DE7}.Debug|ARM.Deploy.0 = Debug|Any CPU
		{9B1CD804-D346-42E6-BED4-8306FA976DE7}.Debug|iPhone.ActiveCfg = Debug|Any CPU
		{9B1CD804-D346-42E6-BED4-8306FA976DE7}.Debug|iPhone.Build.0 = Debug|Any CPU
		{9B1CD804-D346-42E6-BED4-8306FA976DE7}.Debug|iPhone.Deploy.0 = Debug|Any CPU
		{9B1CD804-D346-42E6-BED4-8306FA976DE7}.Debug|iPhoneSimulator.ActiveCfg = Debug|Any CPU
		{9B1CD804-D346-42E6-BED4-8306FA976DE7}.Debug|iPhoneSimulator.Build.0 = Debug|Any CPU
		{9B1CD804-D346-42E6-BED4-8306FA976DE7}.Debug|iPhoneSimulator.Deploy.0 = Debug|Any CPU
		{9B1CD804-D346-42E6-BED4-8306FA976DE7}.Debug|x64.ActiveCfg = Debug|Any CPU
		{9B1CD804-D346-42E6-BED4-8306FA976DE7}.Debug|x64.Build.0 = Debug|Any CPU
		{9B1CD804-D346-42E6-BED4-8306FA976DE7}.Debug|x64.Deploy.0 = Debug|Any CPU
		{9B1CD804-D346-42E6-BED4-8306FA976DE7}.Debug|x86.ActiveCfg = Debug|Any CPU
		{9B1CD804-D346-42E6-BED4-8306FA976DE7}.Debug|x86.Build.0 = Debug|Any CPU
		{9B1CD804-D346-42E6-BED4-8306FA976DE7}.Debug|x86.Deploy.0 = Debug|Any CPU
		{9B1CD804-D346-42E6-BED4-8306FA976DE7}.Release|Any CPU.ActiveCfg = Release|Any CPU
		{9B1CD804-D346-42E6-BED4-8306FA976DE7}.Release|Any CPU.Build.0 = Release|Any CPU
		{9B1CD804-D346-42E6-BED4-8306FA976DE7}.Release|Any CPU.Deploy.0 = Release|Any CPU
		{9B1CD804-D346-42E6-BED4-8306FA976DE7}.Release|ARM.ActiveCfg = Release|Any CPU
		{9B1CD804-D346-42E6-BED4-8306FA976DE7}.Release|ARM.Build.0 = Release|Any CPU
		{9B1CD804-D346-42E6-BED4-8306FA976DE7}.Release|ARM.Deploy.0 = Release|Any CPU
		{9B1CD804-D346-42E6-BED4-8306FA976DE7}.Release|iPhone.ActiveCfg = Release|Any CPU
		{9B1CD804-D346-42E6-BED4-8306FA976DE7}.Release|iPhone.Build.0 = Release|Any CPU
		{9B1CD804-D346-42E6-BED4-8306FA976DE7}.Release|iPhone.Deploy.0 = Release|Any CPU
		{9B1CD804-D346-42E6-BED4-8306FA976DE7}.Release|iPhoneSimulator.ActiveCfg = Release|Any CPU
		{9B1CD804-D346-42E6-BED4-8306FA976DE7}.Release|iPhoneSimulator.Build.0 = Release|Any CPU
		{9B1CD804-D346-42E6-BED4-8306FA976DE7}.Release|iPhoneSimulator.Deploy.0 = Release|Any CPU
		{9B1CD804-D346-42E6-BED4-8306FA976DE7}.Release|x64.ActiveCfg = Release|Any CPU
		{9B1CD804-D346-42E6-BED4-8306FA976DE7}.Release|x64.Build.0 = Release|Any CPU
		{9B1CD804-D346-42E6-BED4-8306FA976DE7}.Release|x64.Deploy.0 = Release|Any CPU
		{9B1CD804-D346-42E6-BED4-8306FA976DE7}.Release|x86.ActiveCfg = Release|Any CPU
		{9B1CD804-D346-42E6-BED4-8306FA976DE7}.Release|x86.Build.0 = Release|Any CPU
		{9B1CD804-D346-42E6-BED4-8306FA976DE7}.Release|x86.Deploy.0 = Release|Any CPU
		{46108ACD-8547-4E4B-9D03-76986847BFA7}.Ad-Hoc|Any CPU.ActiveCfg = Ad-Hoc|iPhone
		{46108ACD-8547-4E4B-9D03-76986847BFA7}.Ad-Hoc|Any CPU.Build.0 = Ad-Hoc|iPhone
		{46108ACD-8547-4E4B-9D03-76986847BFA7}.Ad-Hoc|Any CPU.Deploy.0 = Ad-Hoc|iPhone
		{46108ACD-8547-4E4B-9D03-76986847BFA7}.Ad-Hoc|ARM.ActiveCfg = Ad-Hoc|iPhone
		{46108ACD-8547-4E4B-9D03-76986847BFA7}.Ad-Hoc|ARM.Build.0 = Ad-Hoc|iPhone
		{46108ACD-8547-4E4B-9D03-76986847BFA7}.Ad-Hoc|ARM.Deploy.0 = Ad-Hoc|iPhone
		{46108ACD-8547-4E4B-9D03-76986847BFA7}.Ad-Hoc|iPhone.ActiveCfg = Ad-Hoc|iPhone
		{46108ACD-8547-4E4B-9D03-76986847BFA7}.Ad-Hoc|iPhone.Build.0 = Ad-Hoc|iPhone
		{46108ACD-8547-4E4B-9D03-76986847BFA7}.Ad-Hoc|iPhone.Deploy.0 = Ad-Hoc|iPhone
		{46108ACD-8547-4E4B-9D03-76986847BFA7}.Ad-Hoc|iPhoneSimulator.ActiveCfg = Ad-Hoc|iPhoneSimulator
		{46108ACD-8547-4E4B-9D03-76986847BFA7}.Ad-Hoc|iPhoneSimulator.Build.0 = Ad-Hoc|iPhoneSimulator
		{46108ACD-8547-4E4B-9D03-76986847BFA7}.Ad-Hoc|iPhoneSimulator.Deploy.0 = Ad-Hoc|iPhoneSimulator
		{46108ACD-8547-4E4B-9D03-76986847BFA7}.Ad-Hoc|x64.ActiveCfg = Ad-Hoc|iPhone
		{46108ACD-8547-4E4B-9D03-76986847BFA7}.Ad-Hoc|x64.Build.0 = Ad-Hoc|iPhone
		{46108ACD-8547-4E4B-9D03-76986847BFA7}.Ad-Hoc|x64.Deploy.0 = Ad-Hoc|iPhone
		{46108ACD-8547-4E4B-9D03-76986847BFA7}.Ad-Hoc|x86.ActiveCfg = Ad-Hoc|iPhone
		{46108ACD-8547-4E4B-9D03-76986847BFA7}.Ad-Hoc|x86.Build.0 = Ad-Hoc|iPhone
		{46108ACD-8547-4E4B-9D03-76986847BFA7}.Ad-Hoc|x86.Deploy.0 = Ad-Hoc|iPhone
		{46108ACD-8547-4E4B-9D03-76986847BFA7}.AppStore|Any CPU.ActiveCfg = AppStore|iPhone
		{46108ACD-8547-4E4B-9D03-76986847BFA7}.AppStore|Any CPU.Build.0 = AppStore|iPhone
		{46108ACD-8547-4E4B-9D03-76986847BFA7}.AppStore|Any CPU.Deploy.0 = AppStore|iPhone
		{46108ACD-8547-4E4B-9D03-76986847BFA7}.AppStore|ARM.ActiveCfg = AppStore|iPhone
		{46108ACD-8547-4E4B-9D03-76986847BFA7}.AppStore|ARM.Build.0 = AppStore|iPhone
		{46108ACD-8547-4E4B-9D03-76986847BFA7}.AppStore|ARM.Deploy.0 = AppStore|iPhone
		{46108ACD-8547-4E4B-9D03-76986847BFA7}.AppStore|iPhone.ActiveCfg = AppStore|iPhone
		{46108ACD-8547-4E4B-9D03-76986847BFA7}.AppStore|iPhone.Build.0 = AppStore|iPhone
		{46108ACD-8547-4E4B-9D03-76986847BFA7}.AppStore|iPhone.Deploy.0 = AppStore|iPhone
		{46108ACD-8547-4E4B-9D03-76986847BFA7}.AppStore|iPhoneSimulator.ActiveCfg = AppStore|iPhoneSimulator
		{46108ACD-8547-4E4B-9D03-76986847BFA7}.AppStore|iPhoneSimulator.Build.0 = AppStore|iPhoneSimulator
		{46108ACD-8547-4E4B-9D03-76986847BFA7}.AppStore|iPhoneSimulator.Deploy.0 = AppStore|iPhoneSimulator
		{46108ACD-8547-4E4B-9D03-76986847BFA7}.AppStore|x64.ActiveCfg = AppStore|iPhone
		{46108ACD-8547-4E4B-9D03-76986847BFA7}.AppStore|x64.Build.0 = AppStore|iPhone
		{46108ACD-8547-4E4B-9D03-76986847BFA7}.AppStore|x64.Deploy.0 = AppStore|iPhone
		{46108ACD-8547-4E4B-9D03-76986847BFA7}.AppStore|x86.ActiveCfg = AppStore|iPhone
		{46108ACD-8547-4E4B-9D03-76986847BFA7}.AppStore|x86.Build.0 = AppStore|iPhone
		{46108ACD-8547-4E4B-9D03-76986847BFA7}.AppStore|x86.Deploy.0 = AppStore|iPhone
		{46108ACD-8547-4E4B-9D03-76986847BFA7}.Debug|Any CPU.ActiveCfg = Debug|iPhoneSimulator
		{46108ACD-8547-4E4B-9D03-76986847BFA7}.Debug|Any CPU.Build.0 = Debug|iPhoneSimulator
		{46108ACD-8547-4E4B-9D03-76986847BFA7}.Debug|Any CPU.Deploy.0 = Debug|iPhoneSimulator
		{46108ACD-8547-4E4B-9D03-76986847BFA7}.Debug|ARM.ActiveCfg = Debug|iPhone
		{46108ACD-8547-4E4B-9D03-76986847BFA7}.Debug|ARM.Build.0 = Debug|iPhone
		{46108ACD-8547-4E4B-9D03-76986847BFA7}.Debug|ARM.Deploy.0 = Debug|iPhone
		{46108ACD-8547-4E4B-9D03-76986847BFA7}.Debug|iPhone.ActiveCfg = Debug|iPhone
		{46108ACD-8547-4E4B-9D03-76986847BFA7}.Debug|iPhone.Build.0 = Debug|iPhone
		{46108ACD-8547-4E4B-9D03-76986847BFA7}.Debug|iPhone.Deploy.0 = Debug|iPhone
		{46108ACD-8547-4E4B-9D03-76986847BFA7}.Debug|iPhoneSimulator.ActiveCfg = Debug|iPhoneSimulator
		{46108ACD-8547-4E4B-9D03-76986847BFA7}.Debug|iPhoneSimulator.Build.0 = Debug|iPhoneSimulator
		{46108ACD-8547-4E4B-9D03-76986847BFA7}.Debug|iPhoneSimulator.Deploy.0 = Debug|iPhoneSimulator
		{46108ACD-8547-4E4B-9D03-76986847BFA7}.Debug|x64.ActiveCfg = Debug|iPhone
		{46108ACD-8547-4E4B-9D03-76986847BFA7}.Debug|x64.Build.0 = Debug|iPhone
		{46108ACD-8547-4E4B-9D03-76986847BFA7}.Debug|x64.Deploy.0 = Debug|iPhone
		{46108ACD-8547-4E4B-9D03-76986847BFA7}.Debug|x86.ActiveCfg = Debug|iPhone
		{46108ACD-8547-4E4B-9D03-76986847BFA7}.Debug|x86.Build.0 = Debug|iPhone
		{46108ACD-8547-4E4B-9D03-76986847BFA7}.Debug|x86.Deploy.0 = Debug|iPhone
		{46108ACD-8547-4E4B-9D03-76986847BFA7}.Release|Any CPU.ActiveCfg = Release|iPhone
		{46108ACD-8547-4E4B-9D03-76986847BFA7}.Release|Any CPU.Build.0 = Release|iPhone
		{46108ACD-8547-4E4B-9D03-76986847BFA7}.Release|Any CPU.Deploy.0 = Release|iPhone
		{46108ACD-8547-4E4B-9D03-76986847BFA7}.Release|ARM.ActiveCfg = Release|iPhone
		{46108ACD-8547-4E4B-9D03-76986847BFA7}.Release|ARM.Build.0 = Release|iPhone
		{46108ACD-8547-4E4B-9D03-76986847BFA7}.Release|ARM.Deploy.0 = Release|iPhone
		{46108ACD-8547-4E4B-9D03-76986847BFA7}.Release|iPhone.ActiveCfg = Release|iPhone
		{46108ACD-8547-4E4B-9D03-76986847BFA7}.Release|iPhone.Build.0 = Release|iPhone
		{46108ACD-8547-4E4B-9D03-76986847BFA7}.Release|iPhone.Deploy.0 = Release|iPhone
		{46108ACD-8547-4E4B-9D03-76986847BFA7}.Release|iPhoneSimulator.ActiveCfg = Release|iPhoneSimulator
		{46108ACD-8547-4E4B-9D03-76986847BFA7}.Release|iPhoneSimulator.Build.0 = Release|iPhoneSimulator
		{46108ACD-8547-4E4B-9D03-76986847BFA7}.Release|iPhoneSimulator.Deploy.0 = Release|iPhoneSimulator
		{46108ACD-8547-4E4B-9D03-76986847BFA7}.Release|x64.ActiveCfg = Release|iPhone
		{46108ACD-8547-4E4B-9D03-76986847BFA7}.Release|x64.Build.0 = Release|iPhone
		{46108ACD-8547-4E4B-9D03-76986847BFA7}.Release|x64.Deploy.0 = Release|iPhone
		{46108ACD-8547-4E4B-9D03-76986847BFA7}.Release|x86.ActiveCfg = Release|iPhone
		{46108ACD-8547-4E4B-9D03-76986847BFA7}.Release|x86.Build.0 = Release|iPhone
		{46108ACD-8547-4E4B-9D03-76986847BFA7}.Release|x86.Deploy.0 = Release|iPhone
		{8C47F18A-3FF7-410B-98EE-39787D863865}.Ad-Hoc|Any CPU.ActiveCfg = Release|x86
		{8C47F18A-3FF7-410B-98EE-39787D863865}.Ad-Hoc|Any CPU.Build.0 = Release|x86
		{8C47F18A-3FF7-410B-98EE-39787D863865}.Ad-Hoc|Any CPU.Deploy.0 = Release|x86
		{8C47F18A-3FF7-410B-98EE-39787D863865}.Ad-Hoc|ARM.ActiveCfg = Release|ARM
		{8C47F18A-3FF7-410B-98EE-39787D863865}.Ad-Hoc|ARM.Build.0 = Release|ARM
		{8C47F18A-3FF7-410B-98EE-39787D863865}.Ad-Hoc|ARM.Deploy.0 = Release|ARM
		{8C47F18A-3FF7-410B-98EE-39787D863865}.Ad-Hoc|iPhone.ActiveCfg = Release|x86
		{8C47F18A-3FF7-410B-98EE-39787D863865}.Ad-Hoc|iPhone.Build.0 = Release|x86
		{8C47F18A-3FF7-410B-98EE-39787D863865}.Ad-Hoc|iPhone.Deploy.0 = Release|x86
		{8C47F18A-3FF7-410B-98EE-39787D863865}.Ad-Hoc|iPhoneSimulator.ActiveCfg = Release|x86
		{8C47F18A-3FF7-410B-98EE-39787D863865}.Ad-Hoc|iPhoneSimulator.Build.0 = Release|x86
		{8C47F18A-3FF7-410B-98EE-39787D863865}.Ad-Hoc|iPhoneSimulator.Deploy.0 = Release|x86
		{8C47F18A-3FF7-410B-98EE-39787D863865}.Ad-Hoc|x64.ActiveCfg = Release|x64
		{8C47F18A-3FF7-410B-98EE-39787D863865}.Ad-Hoc|x64.Build.0 = Release|x64
		{8C47F18A-3FF7-410B-98EE-39787D863865}.Ad-Hoc|x64.Deploy.0 = Release|x64
		{8C47F18A-3FF7-410B-98EE-39787D863865}.Ad-Hoc|x86.ActiveCfg = Release|x86
		{8C47F18A-3FF7-410B-98EE-39787D863865}.Ad-Hoc|x86.Build.0 = Release|x86
		{8C47F18A-3FF7-410B-98EE-39787D863865}.Ad-Hoc|x86.Deploy.0 = Release|x86
		{8C47F18A-3FF7-410B-98EE-39787D863865}.AppStore|Any CPU.ActiveCfg = Release|x86
		{8C47F18A-3FF7-410B-98EE-39787D863865}.AppStore|Any CPU.Build.0 = Release|x86
		{8C47F18A-3FF7-410B-98EE-39787D863865}.AppStore|Any CPU.Deploy.0 = Release|x86
		{8C47F18A-3FF7-410B-98EE-39787D863865}.AppStore|ARM.ActiveCfg = Release|ARM
		{8C47F18A-3FF7-410B-98EE-39787D863865}.AppStore|ARM.Build.0 = Release|ARM
		{8C47F18A-3FF7-410B-98EE-39787D863865}.AppStore|ARM.Deploy.0 = Release|ARM
		{8C47F18A-3FF7-410B-98EE-39787D863865}.AppStore|iPhone.ActiveCfg = Release|x86
		{8C47F18A-3FF7-410B-98EE-39787D863865}.AppStore|iPhone.Build.0 = Release|x86
		{8C47F18A-3FF7-410B-98EE-39787D863865}.AppStore|iPhone.Deploy.0 = Release|x86
		{8C47F18A-3FF7-410B-98EE-39787D863865}.AppStore|iPhoneSimulator.ActiveCfg = Release|x86
		{8C47F18A-3FF7-410B-98EE-39787D863865}.AppStore|iPhoneSimulator.Build.0 = Release|x86
		{8C47F18A-3FF7-410B-98EE-39787D863865}.AppStore|iPhoneSimulator.Deploy.0 = Release|x86
		{8C47F18A-3FF7-410B-98EE-39787D863865}.AppStore|x64.ActiveCfg = Release|x64
		{8C47F18A-3FF7-410B-98EE-39787D863865}.AppStore|x64.Build.0 = Release|x64
		{8C47F18A-3FF7-410B-98EE-39787D863865}.AppStore|x64.Deploy.0 = Release|x64
		{8C47F18A-3FF7-410B-98EE-39787D863865}.AppStore|x86.ActiveCfg = Release|x86
		{8C47F18A-3FF7-410B-98EE-39787D863865}.AppStore|x86.Build.0 = Release|x86
		{8C47F18A-3FF7-410B-98EE-39787D863865}.AppStore|x86.Deploy.0 = Release|x86
		{8C47F18A-3FF7-410B-98EE-39787D863865}.Debug|Any CPU.ActiveCfg = Debug|x86
		{8C47F18A-3FF7-410B-98EE-39787D863865}.Debug|Any CPU.Build.0 = Debug|x86
		{8C47F18A-3FF7-410B-98EE-39787D863865}.Debug|Any CPU.Deploy.0 = Debug|x86
		{8C47F18A-3FF7-410B-98EE-39787D863865}.Debug|ARM.ActiveCfg = Debug|ARM
		{8C47F18A-3FF7-410B-98EE-39787D863865}.Debug|ARM.Build.0 = Debug|ARM
		{8C47F18A-3FF7-410B-98EE-39787D863865}.Debug|ARM.Deploy.0 = Debug|ARM
		{8C47F18A-3FF7-410B-98EE-39787D863865}.Debug|iPhone.ActiveCfg = Debug|x86
		{8C47F18A-3FF7-410B-98EE-39787D863865}.Debug|iPhone.Build.0 = Debug|x86
		{8C47F18A-3FF7-410B-98EE-39787D863865}.Debug|iPhone.Deploy.0 = Debug|x86
		{8C47F18A-3FF7-410B-98EE-39787D863865}.Debug|iPhoneSimulator.ActiveCfg = Debug|x86
		{8C47F18A-3FF7-410B-98EE-39787D863865}.Debug|iPhoneSimulator.Build.0 = Debug|x86
		{8C47F18A-3FF7-410B-98EE-39787D863865}.Debug|iPhoneSimulator.Deploy.0 = Debug|x86
		{8C47F18A-3FF7-410B-98EE-39787D863865}.Debug|x64.ActiveCfg = Debug|x64
		{8C47F18A-3FF7-410B-98EE-39787D863865}.Debug|x64.Build.0 = Debug|x64
		{8C47F18A-3FF7-410B-98EE-39787D863865}.Debug|x64.Deploy.0 = Debug|x64
		{8C47F18A-3FF7-410B-98EE-39787D863865}.Debug|x86.ActiveCfg = Debug|x86
		{8C47F18A-3FF7-410B-98EE-39787D863865}.Debug|x86.Build.0 = Debug|x86
		{8C47F18A-3FF7-410B-98EE-39787D863865}.Debug|x86.Deploy.0 = Debug|x86
		{8C47F18A-3FF7-410B-98EE-39787D863865}.Release|Any CPU.ActiveCfg = Release|x86
		{8C47F18A-3FF7-410B-98EE-39787D863865}.Release|Any CPU.Build.0 = Release|x86
		{8C47F18A-3FF7-410B-98EE-39787D863865}.Release|Any CPU.Deploy.0 = Release|x86
		{8C47F18A-3FF7-410B-98EE-39787D863865}.Release|ARM.ActiveCfg = Release|ARM
		{8C47F18A-3FF7-410B-98EE-39787D863865}.Release|ARM.Build.0 = Release|ARM
		{8C47F18A-3FF7-410B-98EE-39787D863865}.Release|ARM.Deploy.0 = Release|ARM
		{8C47F18A-3FF7-410B-98EE-39787D863865}.Release|iPhone.ActiveCfg = Release|x86
		{8C47F18A-3FF7-410B-98EE-39787D863865}.Release|iPhone.Build.0 = Release|x86
		{8C47F18A-3FF7-410B-98EE-39787D863865}.Release|iPhone.Deploy.0 = Release|x86
		{8C47F18A-3FF7-410B-98EE-39787D863865}.Release|iPhoneSimulator.ActiveCfg = Release|x86
		{8C47F18A-3FF7-410B-98EE-39787D863865}.Release|iPhoneSimulator.Build.0 = Release|x86
		{8C47F18A-3FF7-410B-98EE-39787D863865}.Release|iPhoneSimulator.Deploy.0 = Release|x86
		{8C47F18A-3FF7-410B-98EE-39787D863865}.Release|x64.ActiveCfg = Release|x64
		{8C47F18A-3FF7-410B-98EE-39787D863865}.Release|x64.Build.0 = Release|x64
		{8C47F18A-3FF7-410B-98EE-39787D863865}.Release|x64.Deploy.0 = Release|x64
		{8C47F18A-3FF7-410B-98EE-39787D863865}.Release|x86.ActiveCfg = Release|x86
		{8C47F18A-3FF7-410B-98EE-39787D863865}.Release|x86.Build.0 = Release|x86
		{8C47F18A-3FF7-410B-98EE-39787D863865}.Release|x86.Deploy.0 = Release|x86
		{9A3296BF-13F1-41F9-A784-AF4CBBCD33E9}.Ad-Hoc|Any CPU.ActiveCfg = Debug|Any CPU
		{9A3296BF-13F1-41F9-A784-AF4CBBCD33E9}.Ad-Hoc|Any CPU.Build.0 = Debug|Any CPU
		{9A3296BF-13F1-41F9-A784-AF4CBBCD33E9}.Ad-Hoc|Any CPU.Deploy.0 = Debug|Any CPU
		{9A3296BF-13F1-41F9-A784-AF4CBBCD33E9}.Ad-Hoc|ARM.ActiveCfg = Debug|Any CPU
		{9A3296BF-13F1-41F9-A784-AF4CBBCD33E9}.Ad-Hoc|ARM.Build.0 = Debug|Any CPU
		{9A3296BF-13F1-41F9-A784-AF4CBBCD33E9}.Ad-Hoc|ARM.Deploy.0 = Debug|Any CPU
		{9A3296BF-13F1-41F9-A784-AF4CBBCD33E9}.Ad-Hoc|iPhone.ActiveCfg = Debug|Any CPU
		{9A3296BF-13F1-41F9-A784-AF4CBBCD33E9}.Ad-Hoc|iPhone.Build.0 = Debug|Any CPU
		{9A3296BF-13F1-41F9-A784-AF4CBBCD33E9}.Ad-Hoc|iPhone.Deploy.0 = Debug|Any CPU
		{9A3296BF-13F1-41F9-A784-AF4CBBCD33E9}.Ad-Hoc|iPhoneSimulator.ActiveCfg = Debug|Any CPU
		{9A3296BF-13F1-41F9-A784-AF4CBBCD33E9}.Ad-Hoc|iPhoneSimulator.Build.0 = Debug|Any CPU
		{9A3296BF-13F1-41F9-A784-AF4CBBCD33E9}.Ad-Hoc|iPhoneSimulator.Deploy.0 = Debug|Any CPU
		{9A3296BF-13F1-41F9-A784-AF4CBBCD33E9}.Ad-Hoc|x64.ActiveCfg = Debug|Any CPU
		{9A3296BF-13F1-41F9-A784-AF4CBBCD33E9}.Ad-Hoc|x64.Build.0 = Debug|Any CPU
		{9A3296BF-13F1-41F9-A784-AF4CBBCD33E9}.Ad-Hoc|x64.Deploy.0 = Debug|Any CPU
		{9A3296BF-13F1-41F9-A784-AF4CBBCD33E9}.Ad-Hoc|x86.ActiveCfg = Debug|Any CPU
		{9A3296BF-13F1-41F9-A784-AF4CBBCD33E9}.Ad-Hoc|x86.Build.0 = Debug|Any CPU
		{9A3296BF-13F1-41F9-A784-AF4CBBCD33E9}.Ad-Hoc|x86.Deploy.0 = Debug|Any CPU
		{9A3296BF-13F1-41F9-A784-AF4CBBCD33E9}.AppStore|Any CPU.ActiveCfg = Debug|Any CPU
		{9A3296BF-13F1-41F9-A784-AF4CBBCD33E9}.AppStore|Any CPU.Build.0 = Debug|Any CPU
		{9A3296BF-13F1-41F9-A784-AF4CBBCD33E9}.AppStore|Any CPU.Deploy.0 = Debug|Any CPU
		{9A3296BF-13F1-41F9-A784-AF4CBBCD33E9}.AppStore|ARM.ActiveCfg = Debug|Any CPU
		{9A3296BF-13F1-41F9-A784-AF4CBBCD33E9}.AppStore|ARM.Build.0 = Debug|Any CPU
		{9A3296BF-13F1-41F9-A784-AF4CBBCD33E9}.AppStore|ARM.Deploy.0 = Debug|Any CPU
		{9A3296BF-13F1-41F9-A784-AF4CBBCD33E9}.AppStore|iPhone.ActiveCfg = Debug|Any CPU
		{9A3296BF-13F1-41F9-A784-AF4CBBCD33E9}.AppStore|iPhone.Build.0 = Debug|Any CPU
		{9A3296BF-13F1-41F9-A784-AF4CBBCD33E9}.AppStore|iPhone.Deploy.0 = Debug|Any CPU
		{9A3296BF-13F1-41F9-A784-AF4CBBCD33E9}.AppStore|iPhoneSimulator.ActiveCfg = Debug|Any CPU
		{9A3296BF-13F1-41F9-A784-AF4CBBCD33E9}.AppStore|iPhoneSimulator.Build.0 = Debug|Any CPU
		{9A3296BF-13F1-41F9-A784-AF4CBBCD33E9}.AppStore|iPhoneSimulator.Deploy.0 = Debug|Any CPU
		{9A3296BF-13F1-41F9-A784-AF4CBBCD33E9}.AppStore|x64.ActiveCfg = Debug|Any CPU
		{9A3296BF-13F1-41F9-A784-AF4CBBCD33E9}.AppStore|x64.Build.0 = Debug|Any CPU
		{9A3296BF-13F1-41F9-A784-AF4CBBCD33E9}.AppStore|x64.Deploy.0 = Debug|Any CPU
		{9A3296BF-13F1-41F9-A784-AF4CBBCD33E9}.AppStore|x86.ActiveCfg = Debug|Any CPU
		{9A3296BF-13F1-41F9-A784-AF4CBBCD33E9}.AppStore|x86.Build.0 = Debug|Any CPU
		{9A3296BF-13F1-41F9-A784-AF4CBBCD33E9}.AppStore|x86.Deploy.0 = Debug|Any CPU
		{9A3296BF-13F1-41F9-A784-AF4CBBCD33E9}.Debug|Any CPU.ActiveCfg = Debug|Any CPU
		{9A3296BF-13F1-41F9-A784-AF4CBBCD33E9}.Debug|Any CPU.Build.0 = Debug|Any CPU
		{9A3296BF-13F1-41F9-A784-AF4CBBCD33E9}.Debug|Any CPU.Deploy.0 = Debug|Any CPU
		{9A3296BF-13F1-41F9-A784-AF4CBBCD33E9}.Debug|ARM.ActiveCfg = Debug|Any CPU
		{9A3296BF-13F1-41F9-A784-AF4CBBCD33E9}.Debug|ARM.Build.0 = Debug|Any CPU
		{9A3296BF-13F1-41F9-A784-AF4CBBCD33E9}.Debug|ARM.Deploy.0 = Debug|Any CPU
		{9A3296BF-13F1-41F9-A784-AF4CBBCD33E9}.Debug|iPhone.ActiveCfg = Debug|Any CPU
		{9A3296BF-13F1-41F9-A784-AF4CBBCD33E9}.Debug|iPhone.Build.0 = Debug|Any CPU
		{9A3296BF-13F1-41F9-A784-AF4CBBCD33E9}.Debug|iPhone.Deploy.0 = Debug|Any CPU
		{9A3296BF-13F1-41F9-A784-AF4CBBCD33E9}.Debug|iPhoneSimulator.ActiveCfg = Debug|Any CPU
		{9A3296BF-13F1-41F9-A784-AF4CBBCD33E9}.Debug|iPhoneSimulator.Build.0 = Debug|Any CPU
		{9A3296BF-13F1-41F9-A784-AF4CBBCD33E9}.Debug|iPhoneSimulator.Deploy.0 = Debug|Any CPU
		{9A3296BF-13F1-41F9-A784-AF4CBBCD33E9}.Debug|x64.ActiveCfg = Debug|Any CPU
		{9A3296BF-13F1-41F9-A784-AF4CBBCD33E9}.Debug|x64.Build.0 = Debug|Any CPU
		{9A3296BF-13F1-41F9-A784-AF4CBBCD33E9}.Debug|x64.Deploy.0 = Debug|Any CPU
		{9A3296BF-13F1-41F9-A784-AF4CBBCD33E9}.Debug|x86.ActiveCfg = Debug|Any CPU
		{9A3296BF-13F1-41F9-A784-AF4CBBCD33E9}.Debug|x86.Build.0 = Debug|Any CPU
		{9A3296BF-13F1-41F9-A784-AF4CBBCD33E9}.Debug|x86.Deploy.0 = Debug|Any CPU
		{9A3296BF-13F1-41F9-A784-AF4CBBCD33E9}.Release|Any CPU.ActiveCfg = Release|Any CPU
		{9A3296BF-13F1-41F9-A784-AF4CBBCD33E9}.Release|Any CPU.Build.0 = Release|Any CPU
		{9A3296BF-13F1-41F9-A784-AF4CBBCD33E9}.Release|Any CPU.Deploy.0 = Release|Any CPU
		{9A3296BF-13F1-41F9-A784-AF4CBBCD33E9}.Release|ARM.ActiveCfg = Release|Any CPU
		{9A3296BF-13F1-41F9-A784-AF4CBBCD33E9}.Release|ARM.Build.0 = Release|Any CPU
		{9A3296BF-13F1-41F9-A784-AF4CBBCD33E9}.Release|ARM.Deploy.0 = Release|Any CPU
		{9A3296BF-13F1-41F9-A784-AF4CBBCD33E9}.Release|iPhone.ActiveCfg = Release|Any CPU
		{9A3296BF-13F1-41F9-A784-AF4CBBCD33E9}.Release|iPhone.Build.0 = Release|Any CPU
		{9A3296BF-13F1-41F9-A784-AF4CBBCD33E9}.Release|iPhone.Deploy.0 = Release|Any CPU
		{9A3296BF-13F1-41F9-A784-AF4CBBCD33E9}.Release|iPhoneSimulator.ActiveCfg = Release|Any CPU
		{9A3296BF-13F1-41F9-A784-AF4CBBCD33E9}.Release|iPhoneSimulator.Build.0 = Release|Any CPU
		{9A3296BF-13F1-41F9-A784-AF4CBBCD33E9}.Release|iPhoneSimulator.Deploy.0 = Release|Any CPU
		{9A3296BF-13F1-41F9-A784-AF4CBBCD33E9}.Release|x64.ActiveCfg = Release|Any CPU
		{9A3296BF-13F1-41F9-A784-AF4CBBCD33E9}.Release|x64.Build.0 = Release|Any CPU
		{9A3296BF-13F1-41F9-A784-AF4CBBCD33E9}.Release|x64.Deploy.0 = Release|Any CPU
		{9A3296BF-13F1-41F9-A784-AF4CBBCD33E9}.Release|x86.ActiveCfg = Release|Any CPU
		{9A3296BF-13F1-41F9-A784-AF4CBBCD33E9}.Release|x86.Build.0 = Release|Any CPU
		{9A3296BF-13F1-41F9-A784-AF4CBBCD33E9}.Release|x86.Deploy.0 = Release|Any CPU
	EndGlobalSection
	GlobalSection(SolutionProperties) = preSolution
		HideSolutionNode = FALSE
	EndGlobalSection
	GlobalSection(ExtensibilityGlobals) = postSolution
		SolutionGuid = {25999060-2087-4D0C-870E-1057EC35E4F8}
	EndGlobalSection
EndGlobal
